
Microsoft Visual Studio Solution File, Format Version 12.00
# Visual Studio 15
VisualStudioVersion = 15.0.27428.2043
MinimumVisualStudioVersion = 10.0.40219.1
Project("{FAE04EC0-301F-11D3-BF4B-00C04F79EFBC}") = "UrlParser", "UrlParser\UrlParser.csproj", "{DFA93317-7490-4B57-B18E-421527629A27}"
EndProject
Project("{FAE04EC0-301F-11D3-BF4B-00C04F79EFBC}") = "UrlParserConsole", "UrlParserConsole\UrlParserConsole.csproj", "{6613CFC5-1608-4BAD-8528-9C5A8A39E253}"
EndProject
Global
	GlobalSection(SolutionConfigurationPlatforms) = preSolution
		Debug|Any CPU = Debug|Any CPU
		Release|Any CPU = Release|Any CPU
	EndGlobalSection
	GlobalSection(ProjectConfigurationPlatforms) = postSolution
		{DFA93317-7490-4B57-B18E-421527629A27}.Debug|Any CPU.ActiveCfg = Debug|Any CPU
		{DFA93317-7490-4B57-B18E-421527629A27}.Debug|Any CPU.Build.0 = Debug|Any CPU
		{DFA93317-7490-4B57-B18E-421527629A27}.Release|Any CPU.ActiveCfg = Release|Any CPU
		{DFA93317-7490-4B57-B18E-421527629A27}.Release|Any CPU.Build.0 = Release|Any CPU
		{6613CFC5-1608-4BAD-8528-9C5A8A39E253}.Debug|Any CPU.ActiveCfg = Debug|Any CPU
		{6613CFC5-1608-4BAD-8528-9C5A8A39E253}.Debug|Any CPU.Build.0 = Debug|Any CPU
		{6613CFC5-1608-4BAD-8528-9C5A8A39E253}.Release|Any CPU.ActiveCfg = Release|Any CPU
		{6613CFC5-1608-4BAD-8528-9C5A8A39E253}.Release|Any CPU.Build.0 = Release|Any CPU
	EndGlobalSection
	GlobalSection(SolutionProperties) = preSolution
		HideSolutionNode = FALSE
	EndGlobalSection
	GlobalSection(ExtensibilityGlobals) = postSolution
		SolutionGuid = {28F9A832-2EFA-44C1-81DD-821B17E90FB9}
	EndGlobalSection
EndGlobal
